// !$*UTF8*$!
{
	archiveVersion = 1;
	classes = {
	};
	objectVersion = 46;
	objects = {

/* Begin PBXBuildFile section */
		7C4BCCBF1842E93F00AA8128 /* Foundation.framework in Frameworks */ = {isa = PBXBuildFile; fileRef = 7C4BCCBE1842E93F00AA8128 /* Foundation.framework */; };
		7C4BCCC11842E93F00AA8128 /* CoreGraphics.framework in Frameworks */ = {isa = PBXBuildFile; fileRef = 7C4BCCC01842E93F00AA8128 /* CoreGraphics.framework */; };
		7C4BCCC31842E93F00AA8128 /* UIKit.framework in Frameworks */ = {isa = PBXBuildFile; fileRef = 7C4BCCC21842E93F00AA8128 /* UIKit.framework */; };
		7C4BCCC91842E93F00AA8128 /* InfoPlist.strings in Resources */ = {isa = PBXBuildFile; fileRef = 7C4BCCC71842E93F00AA8128 /* InfoPlist.strings */; };
		7C4BCCCB1842E93F00AA8128 /* main.m in Sources */ = {isa = PBXBuildFile; fileRef = 7C4BCCCA1842E93F00AA8128 /* main.m */; };
		7C4BCCCF1842E93F00AA8128 /* NFAppDelegate.m in Sources */ = {isa = PBXBuildFile; fileRef = 7C4BCCCE1842E93F00AA8128 /* NFAppDelegate.m */; };
		7C4BCCD21842E93F00AA8128 /* Main_iPhone.storyboard in Resources */ = {isa = PBXBuildFile; fileRef = 7C4BCCD01842E93F00AA8128 /* Main_iPhone.storyboard */; };
		7C4BCCD51842E93F00AA8128 /* Main_iPad.storyboard in Resources */ = {isa = PBXBuildFile; fileRef = 7C4BCCD31842E93F00AA8128 /* Main_iPad.storyboard */; };
		7C4BCCD81842E93F00AA8128 /* NFMasterViewController.m in Sources */ = {isa = PBXBuildFile; fileRef = 7C4BCCD71842E93F00AA8128 /* NFMasterViewController.m */; };
		7C4BCCDB1842E93F00AA8128 /* NFDetailViewController.m in Sources */ = {isa = PBXBuildFile; fileRef = 7C4BCCDA1842E93F00AA8128 /* NFDetailViewController.m */; };
		7C4BCCDD1842E93F00AA8128 /* Images.xcassets in Resources */ = {isa = PBXBuildFile; fileRef = 7C4BCCDC1842E93F00AA8128 /* Images.xcassets */; };
		7C4BCCE41842E93F00AA8128 /* XCTest.framework in Frameworks */ = {isa = PBXBuildFile; fileRef = 7C4BCCE31842E93F00AA8128 /* XCTest.framework */; };
		7C4BCCE51842E93F00AA8128 /* Foundation.framework in Frameworks */ = {isa = PBXBuildFile; fileRef = 7C4BCCBE1842E93F00AA8128 /* Foundation.framework */; };
		7C4BCCE61842E93F00AA8128 /* UIKit.framework in Frameworks */ = {isa = PBXBuildFile; fileRef = 7C4BCCC21842E93F00AA8128 /* UIKit.framework */; };
		7C4BCCEE1842E93F00AA8128 /* InfoPlist.strings in Resources */ = {isa = PBXBuildFile; fileRef = 7C4BCCEC1842E93F00AA8128 /* InfoPlist.strings */; };
		7C4BCCF01842E93F00AA8128 /* NFFileManagerDemoTests.m in Sources */ = {isa = PBXBuildFile; fileRef = 7C4BCCEF1842E93F00AA8128 /* NFFileManagerDemoTests.m */; };
		7C4BCCFC1842E99100AA8128 /* NFFIleManagerOld.m in Sources */ = {isa = PBXBuildFile; fileRef = 7C4BCCFB1842E99100AA8128 /* NFFIleManagerOld.m */; };
		7C4BCCFD1842E99100AA8128 /* NFFIleManagerOld.m in Sources */ = {isa = PBXBuildFile; fileRef = 7C4BCCFB1842E99100AA8128 /* NFFIleManagerOld.m */; };
/* End PBXBuildFile section */

/* Begin PBXContainerItemProxy section */
		7C4BCCE71842E93F00AA8128 /* PBXContainerItemProxy */ = {
			isa = PBXContainerItemProxy;
			containerPortal = 7C4BCCB31842E93F00AA8128 /* Project object */;
			proxyType = 1;
			remoteGlobalIDString = 7C4BCCBA1842E93F00AA8128;
			remoteInfo = NFFileManagerDemo;
		};
/* End PBXContainerItemProxy section */

/* Begin PBXFileReference section */
		7C4BCCBB1842E93F00AA8128 /* NFFileManagerDemo.app */ = {isa = PBXFileReference; explicitFileType = wrapper.application; includeInIndex = 0; path = NFFileManagerDemo.app; sourceTree = BUILT_PRODUCTS_DIR; };
		7C4BCCBE1842E93F00AA8128 /* Foundation.framework */ = {isa = PBXFileReference; lastKnownFileType = wrapper.framework; name = Foundation.framework; path = System/Library/Frameworks/Foundation.framework; sourceTree = SDKROOT; };
		7C4BCCC01842E93F00AA8128 /* CoreGraphics.framework */ = {isa = PBXFileReference; lastKnownFileType = wrapper.framework; name = CoreGraphics.framework; path = System/Library/Frameworks/CoreGraphics.framework; sourceTree = SDKROOT; };
		7C4BCCC21842E93F00AA8128 /* UIKit.framework */ = {isa = PBXFileReference; lastKnownFileType = wrapper.framework; name = UIKit.framework; path = System/Library/Frameworks/UIKit.framework; sourceTree = SDKROOT; };
		7C4BCCC61842E93F00AA8128 /* NFFileManagerDemo-Info.plist */ = {isa = PBXFileReference; lastKnownFileType = text.plist.xml; path = "NFFileManagerDemo-Info.plist"; sourceTree = "<group>"; };
		7C4BCCC81842E93F00AA8128 /* en */ = {isa = PBXFileReference; lastKnownFileType = text.plist.strings; name = en; path = en.lproj/InfoPlist.strings; sourceTree = "<group>"; };
		7C4BCCCA1842E93F00AA8128 /* main.m */ = {isa = PBXFileReference; lastKnownFileType = sourcecode.c.objc; path = main.m; sourceTree = "<group>"; };
		7C4BCCCC1842E93F00AA8128 /* NFFileManagerDemo-Prefix.pch */ = {isa = PBXFileReference; lastKnownFileType = sourcecode.c.h; path = "NFFileManagerDemo-Prefix.pch"; sourceTree = "<group>"; };
		7C4BCCCD1842E93F00AA8128 /* NFAppDelegate.h */ = {isa = PBXFileReference; lastKnownFileType = sourcecode.c.h; path = NFAppDelegate.h; sourceTree = "<group>"; };
		7C4BCCCE1842E93F00AA8128 /* NFAppDelegate.m */ = {isa = PBXFileReference; lastKnownFileType = sourcecode.c.objc; path = NFAppDelegate.m; sourceTree = "<group>"; };
		7C4BCCD11842E93F00AA8128 /* Base */ = {isa = PBXFileReference; lastKnownFileType = file.storyboard; name = Base; path = Base.lproj/Main_iPhone.storyboard; sourceTree = "<group>"; };
		7C4BCCD41842E93F00AA8128 /* Base */ = {isa = PBXFileReference; lastKnownFileType = file.storyboard; name = Base; path = Base.lproj/Main_iPad.storyboard; sourceTree = "<group>"; };
		7C4BCCD61842E93F00AA8128 /* NFMasterViewController.h */ = {isa = PBXFileReference; lastKnownFileType = sourcecode.c.h; path = NFMasterViewController.h; sourceTree = "<group>"; };
		7C4BCCD71842E93F00AA8128 /* NFMasterViewController.m */ = {isa = PBXFileReference; lastKnownFileType = sourcecode.c.objc; path = NFMasterViewController.m; sourceTree = "<group>"; };
		7C4BCCD91842E93F00AA8128 /* NFDetailViewController.h */ = {isa = PBXFileReference; lastKnownFileType = sourcecode.c.h; path = NFDetailViewController.h; sourceTree = "<group>"; };
		7C4BCCDA1842E93F00AA8128 /* NFDetailViewController.m */ = {isa = PBXFileReference; lastKnownFileType = sourcecode.c.objc; path = NFDetailViewController.m; sourceTree = "<group>"; };
		7C4BCCDC1842E93F00AA8128 /* Images.xcassets */ = {isa = PBXFileReference; lastKnownFileType = folder.assetcatalog; path = Images.xcassets; sourceTree = "<group>"; };
		7C4BCCE21842E93F00AA8128 /* NFFileManagerDemoTests.xctest */ = {isa = PBXFileReference; explicitFileType = wrapper.cfbundle; includeInIndex = 0; path = NFFileManagerDemoTests.xctest; sourceTree = BUILT_PRODUCTS_DIR; };
		7C4BCCE31842E93F00AA8128 /* XCTest.framework */ = {isa = PBXFileReference; lastKnownFileType = wrapper.framework; name = XCTest.framework; path = Library/Frameworks/XCTest.framework; sourceTree = DEVELOPER_DIR; };
		7C4BCCEB1842E93F00AA8128 /* NFFileManagerDemoTests-Info.plist */ = {isa = PBXFileReference; lastKnownFileType = text.plist.xml; path = "NFFileManagerDemoTests-Info.plist"; sourceTree = "<group>"; };
		7C4BCCED1842E93F00AA8128 /* en */ = {isa = PBXFileReference; lastKnownFileType = text.plist.strings; name = en; path = en.lproj/InfoPlist.strings; sourceTree = "<group>"; };
		7C4BCCEF1842E93F00AA8128 /* NFFileManagerDemoTests.m */ = {isa = PBXFileReference; lastKnownFileType = sourcecode.c.objc; path = NFFileManagerDemoTests.m; sourceTree = "<group>"; };
		7C4BCCFA1842E99100AA8128 /* NFFIleManagerOld.h */ = {isa = PBXFileReference; fileEncoding = 4; lastKnownFileType = sourcecode.c.h; path = NFFIleManagerOld.h; sourceTree = "<group>"; };
		7C4BCCFB1842E99100AA8128 /* NFFIleManagerOld.m */ = {isa = PBXFileReference; fileEncoding = 4; lastKnownFileType = sourcecode.c.objc; path = NFFIleManagerOld.m; sourceTree = "<group>"; };
/* End PBXFileReference section */

/* Begin PBXFrameworksBuildPhase section */
		7C4BCCB81842E93F00AA8128 /* Frameworks */ = {
			isa = PBXFrameworksBuildPhase;
			buildActionMask = 2147483647;
			files = (
				7C4BCCC11842E93F00AA8128 /* CoreGraphics.framework in Frameworks */,
				7C4BCCC31842E93F00AA8128 /* UIKit.framework in Frameworks */,
				7C4BCCBF1842E93F00AA8128 /* Foundation.framework in Frameworks */,
			);
			runOnlyForDeploymentPostprocessing = 0;
		};
		7C4BCCDF1842E93F00AA8128 /* Frameworks */ = {
			isa = PBXFrameworksBuildPhase;
			buildActionMask = 2147483647;
			files = (
				7C4BCCE41842E93F00AA8128 /* XCTest.framework in Frameworks */,
				7C4BCCE61842E93F00AA8128 /* UIKit.framework in Frameworks */,
				7C4BCCE51842E93F00AA8128 /* Foundation.framework in Frameworks */,
			);
			runOnlyForDeploymentPostprocessing = 0;
		};
/* End PBXFrameworksBuildPhase section */

/* Begin PBXGroup section */
		7C4BCCB21842E93F00AA8128 = {
			isa = PBXGroup;
			children = (
				7C4BCCF91842E97B00AA8128 /* NFFileManager */,
				7C4BCCC41842E93F00AA8128 /* NFFileManagerDemo */,
				7C4BCCE91842E93F00AA8128 /* NFFileManagerDemoTests */,
				7C4BCCBD1842E93F00AA8128 /* Frameworks */,
				7C4BCCBC1842E93F00AA8128 /* Products */,
			);
			sourceTree = "<group>";
		};
		7C4BCCBC1842E93F00AA8128 /* Products */ = {
			isa = PBXGroup;
			children = (
				7C4BCCBB1842E93F00AA8128 /* NFFileManagerDemo.app */,
				7C4BCCE21842E93F00AA8128 /* NFFileManagerDemoTests.xctest */,
			);
			name = Products;
			sourceTree = "<group>";
		};
		7C4BCCBD1842E93F00AA8128 /* Frameworks */ = {
			isa = PBXGroup;
			children = (
				7C4BCCBE1842E93F00AA8128 /* Foundation.framework */,
				7C4BCCC01842E93F00AA8128 /* CoreGraphics.framework */,
				7C4BCCC21842E93F00AA8128 /* UIKit.framework */,
				7C4BCCE31842E93F00AA8128 /* XCTest.framework */,
			);
			name = Frameworks;
			sourceTree = "<group>";
		};
		7C4BCCC41842E93F00AA8128 /* NFFileManagerDemo */ = {
			isa = PBXGroup;
			children = (
				7C4BCCCD1842E93F00AA8128 /* NFAppDelegate.h */,
				7C4BCCCE1842E93F00AA8128 /* NFAppDelegate.m */,
				7C4BCCD01842E93F00AA8128 /* Main_iPhone.storyboard */,
				7C4BCCD31842E93F00AA8128 /* Main_iPad.storyboard */,
				7C4BCCD61842E93F00AA8128 /* NFMasterViewController.h */,
				7C4BCCD71842E93F00AA8128 /* NFMasterViewController.m */,
				7C4BCCD91842E93F00AA8128 /* NFDetailViewController.h */,
				7C4BCCDA1842E93F00AA8128 /* NFDetailViewController.m */,
				7C4BCCDC1842E93F00AA8128 /* Images.xcassets */,
				7C4BCCC51842E93F00AA8128 /* Supporting Files */,
			);
			path = NFFileManagerDemo;
			sourceTree = "<group>";
		};
		7C4BCCC51842E93F00AA8128 /* Supporting Files */ = {
			isa = PBXGroup;
			children = (
				7C4BCCC61842E93F00AA8128 /* NFFileManagerDemo-Info.plist */,
				7C4BCCC71842E93F00AA8128 /* InfoPlist.strings */,
				7C4BCCCA1842E93F00AA8128 /* main.m */,
				7C4BCCCC1842E93F00AA8128 /* NFFileManagerDemo-Prefix.pch */,
			);
			name = "Supporting Files";
			sourceTree = "<group>";
		};
		7C4BCCE91842E93F00AA8128 /* NFFileManagerDemoTests */ = {
			isa = PBXGroup;
			children = (
				7C4BCCEF1842E93F00AA8128 /* NFFileManagerDemoTests.m */,
				7C4BCCEA1842E93F00AA8128 /* Supporting Files */,
			);
			path = NFFileManagerDemoTests;
			sourceTree = "<group>";
		};
		7C4BCCEA1842E93F00AA8128 /* Supporting Files */ = {
			isa = PBXGroup;
			children = (
				7C4BCCEB1842E93F00AA8128 /* NFFileManagerDemoTests-Info.plist */,
				7C4BCCEC1842E93F00AA8128 /* InfoPlist.strings */,
			);
			name = "Supporting Files";
			sourceTree = "<group>";
		};
		7C4BCCF91842E97B00AA8128 /* NFFileManager */ = {
			isa = PBXGroup;
			children = (
				7C4BCCFA1842E99100AA8128 /* NFFIleManagerOld.h */,
				7C4BCCFB1842E99100AA8128 /* NFFIleManagerOld.m */,
			);
			name = NFFileManager;
			path = ../NFFileManager;
			sourceTree = "<group>";
		};
/* End PBXGroup section */

/* Begin PBXNativeTarget section */
		7C4BCCBA1842E93F00AA8128 /* NFFileManagerDemo */ = {
			isa = PBXNativeTarget;
			buildConfigurationList = 7C4BCCF31842E93F00AA8128 /* Build configuration list for PBXNativeTarget "NFFileManagerDemo" */;
			buildPhases = (
				7C4BCCB71842E93F00AA8128 /* Sources */,
				7C4BCCB81842E93F00AA8128 /* Frameworks */,
				7C4BCCB91842E93F00AA8128 /* Resources */,
			);
			buildRules = (
			);
			dependencies = (
			);
			name = NFFileManagerDemo;
			productName = NFFileManagerDemo;
			productReference = 7C4BCCBB1842E93F00AA8128 /* NFFileManagerDemo.app */;
			productType = "com.apple.product-type.application";
		};
		7C4BCCE11842E93F00AA8128 /* NFFileManagerDemoTests */ = {
			isa = PBXNativeTarget;
			buildConfigurationList = 7C4BCCF61842E93F00AA8128 /* Build configuration list for PBXNativeTarget "NFFileManagerDemoTests" */;
			buildPhases = (
				7C4BCCDE1842E93F00AA8128 /* Sources */,
				7C4BCCDF1842E93F00AA8128 /* Frameworks */,
				7C4BCCE01842E93F00AA8128 /* Resources */,
			);
			buildRules = (
			);
			dependencies = (
				7C4BCCE81842E93F00AA8128 /* PBXTargetDependency */,
			);
			name = NFFileManagerDemoTests;
			productName = NFFileManagerDemoTests;
			productReference = 7C4BCCE21842E93F00AA8128 /* NFFileManagerDemoTests.xctest */;
			productType = "com.apple.product-type.bundle.unit-test";
		};
/* End PBXNativeTarget section */

/* Begin PBXProject section */
		7C4BCCB31842E93F00AA8128 /* Project object */ = {
			isa = PBXProject;
			attributes = {
				CLASSPREFIX = NF;
				LastUpgradeCheck = 0500;
				ORGANIZATIONNAME = NextFaze;
				TargetAttributes = {
					7C4BCCE11842E93F00AA8128 = {
						TestTargetID = 7C4BCCBA1842E93F00AA8128;
					};
				};
			};
			buildConfigurationList = 7C4BCCB61842E93F00AA8128 /* Build configuration list for PBXProject "NFFileManagerDemo" */;
			compatibilityVersion = "Xcode 3.2";
			developmentRegion = English;
			hasScannedForEncodings = 0;
			knownRegions = (
				en,
				Base,
			);
			mainGroup = 7C4BCCB21842E93F00AA8128;
			productRefGroup = 7C4BCCBC1842E93F00AA8128 /* Products */;
			projectDirPath = "";
			projectRoot = "";
			targets = (
				7C4BCCBA1842E93F00AA8128 /* NFFileManagerDemo */,
				7C4BCCE11842E93F00AA8128 /* NFFileManagerDemoTests */,
			);
		};
/* End PBXProject section */

/* Begin PBXResourcesBuildPhase section */
		7C4BCCB91842E93F00AA8128 /* Resources */ = {
			isa = PBXResourcesBuildPhase;
			buildActionMask = 2147483647;
			files = (
				7C4BCCD51842E93F00AA8128 /* Main_iPad.storyboard in Resources */,
				7C4BCCDD1842E93F00AA8128 /* Images.xcassets in Resources */,
				7C4BCCD21842E93F00AA8128 /* Main_iPhone.storyboard in Resources */,
				7C4BCCC91842E93F00AA8128 /* InfoPlist.strings in Resources */,
			);
			runOnlyForDeploymentPostprocessing = 0;
		};
		7C4BCCE01842E93F00AA8128 /* Resources */ = {
			isa = PBXResourcesBuildPhase;
			buildActionMask = 2147483647;
			files = (
				7C4BCCEE1842E93F00AA8128 /* InfoPlist.strings in Resources */,
			);
			runOnlyForDeploymentPostprocessing = 0;
		};
/* End PBXResourcesBuildPhase section */

/* Begin PBXSourcesBuildPhase section */
		7C4BCCB71842E93F00AA8128 /* Sources */ = {
			isa = PBXSourcesBuildPhase;
			buildActionMask = 2147483647;
			files = (
				7C4BCCCF1842E93F00AA8128 /* NFAppDelegate.m in Sources */,
				7C4BCCDB1842E93F00AA8128 /* NFDetailViewController.m in Sources */,
				7C4BCCCB1842E93F00AA8128 /* main.m in Sources */,
				7C4BCCD81842E93F00AA8128 /* NFMasterViewController.m in Sources */,
				7C4BCCFC1842E99100AA8128 /* NFFIleManagerOld.m in Sources */,
			);
			runOnlyForDeploymentPostprocessing = 0;
		};
		7C4BCCDE1842E93F00AA8128 /* Sources */ = {
			isa = PBXSourcesBuildPhase;
			buildActionMask = 2147483647;
			files = (
				7C4BCCF01842E93F00AA8128 /* NFFileManagerDemoTests.m in Sources */,
				7C4BCCFD1842E99100AA8128 /* NFFIleManagerOld.m in Sources */,
			);
			runOnlyForDeploymentPostprocessing = 0;
		};
/* End PBXSourcesBuildPhase section */

/* Begin PBXTargetDependency section */
		7C4BCCE81842E93F00AA8128 /* PBXTargetDependency */ = {
			isa = PBXTargetDependency;
			target = 7C4BCCBA1842E93F00AA8128 /* NFFileManagerDemo */;
			targetProxy = 7C4BCCE71842E93F00AA8128 /* PBXContainerItemProxy */;
		};
/* End PBXTargetDependency section */

/* Begin PBXVariantGroup section */
		7C4BCCC71842E93F00AA8128 /* InfoPlist.strings */ = {
			isa = PBXVariantGroup;
			children = (
				7C4BCCC81842E93F00AA8128 /* en */,
			);
			name = InfoPlist.strings;
			sourceTree = "<group>";
		};
		7C4BCCD01842E93F00AA8128 /* Main_iPhone.storyboard */ = {
			isa = PBXVariantGroup;
			children = (
				7C4BCCD11842E93F00AA8128 /* Base */,
			);
			name = Main_iPhone.storyboard;
			sourceTree = "<group>";
		};
		7C4BCCD31842E93F00AA8128 /* Main_iPad.storyboard */ = {
			isa = PBXVariantGroup;
			children = (
				7C4BCCD41842E93F00AA8128 /* Base */,
			);
			name = Main_iPad.storyboard;
			sourceTree = "<group>";
		};
		7C4BCCEC1842E93F00AA8128 /* InfoPlist.strings */ = {
			isa = PBXVariantGroup;
			children = (
				7C4BCCED1842E93F00AA8128 /* en */,
			);
			name = InfoPlist.strings;
			sourceTree = "<group>";
		};
/* End PBXVariantGroup section */

/* Begin XCBuildConfiguration section */
		7C4BCCF11842E93F00AA8128 /* Debug */ = {
			isa = XCBuildConfiguration;
			buildSettings = {
				ALWAYS_SEARCH_USER_PATHS = NO;
				ARCHS = "$(ARCHS_STANDARD_INCLUDING_64_BIT)";
				CLANG_CXX_LANGUAGE_STANDARD = "gnu++0x";
				CLANG_CXX_LIBRARY = "libc++";
				CLANG_ENABLE_MODULES = YES;
				CLANG_ENABLE_OBJC_ARC = YES;
				CLANG_WARN_BOOL_CONVERSION = YES;
				CLANG_WARN_CONSTANT_CONVERSION = YES;
				CLANG_WARN_DIRECT_OBJC_ISA_USAGE = YES_ERROR;
				CLANG_WARN_EMPTY_BODY = YES;
				CLANG_WARN_ENUM_CONVERSION = YES;
				CLANG_WARN_INT_CONVERSION = YES;
				CLANG_WARN_OBJC_ROOT_CLASS = YES_ERROR;
				CLANG_WARN__DUPLICATE_METHOD_MATCH = YES;
				"CODE_SIGN_IDENTITY[sdk=iphoneos*]" = "iPhone Developer";
				COPY_PHASE_STRIP = NO;
				GCC_C_LANGUAGE_STANDARD = gnu99;
				GCC_DYNAMIC_NO_PIC = NO;
				GCC_OPTIMIZATION_LEVEL = 0;
				GCC_PREPROCESSOR_DEFINITIONS = (
					"DEBUG=1",
					"$(inherited)",
				);
				GCC_SYMBOLS_PRIVATE_EXTERN = NO;
				GCC_WARN_64_TO_32_BIT_CONVERSION = YES;
				GCC_WARN_ABOUT_RETURN_TYPE = YES_ERROR;
				GCC_WARN_UNDECLARED_SELECTOR = YES;
				GCC_WARN_UNINITIALIZED_AUTOS = YES;
				GCC_WARN_UNUSED_FUNCTION = YES;
				GCC_WARN_UNUSED_VARIABLE = YES;
				IPHONEOS_DEPLOYMENT_TARGET = 7.0;
				ONLY_ACTIVE_ARCH = YES;
				SDKROOT = iphoneos;
				TARGETED_DEVICE_FAMILY = "1,2";
			};
			name = Debug;
		};
		7C4BCCF21842E93F00AA8128 /* Release */ = {
			isa = XCBuildConfiguration;
			buildSettings = {
				ALWAYS_SEARCH_USER_PATHS = NO;
				ARCHS = "$(ARCHS_STANDARD_INCLUDING_64_BIT)";
				CLANG_CXX_LANGUAGE_STANDARD = "gnu++0x";
				CLANG_CXX_LIBRARY = "libc++";
				CLANG_ENABLE_MODULES = YES;
				CLANG_ENABLE_OBJC_ARC = YES;
				CLANG_WARN_BOOL_CONVERSION = YES;
				CLANG_WARN_CONSTANT_CONVERSION = YES;
				CLANG_WARN_DIRECT_OBJC_ISA_USAGE = YES_ERROR;
				CLANG_WARN_EMPTY_BODY = YES;
				CLANG_WARN_ENUM_CONVERSION = YES;
				CLANG_WARN_INT_CONVERSION = YES;
				CLANG_WARN_OBJC_ROOT_CLASS = YES_ERROR;
				CLANG_WARN__DUPLICATE_METHOD_MATCH = YES;
				"CODE_SIGN_IDENTITY[sdk=iphoneos*]" = "iPhone Developer";
				COPY_PHASE_STRIP = YES;
				ENABLE_NS_ASSERTIONS = NO;
				GCC_C_LANGUAGE_STANDARD = gnu99;
				GCC_WARN_64_TO_32_BIT_CONVERSION = YES;
				GCC_WARN_ABOUT_RETURN_TYPE = YES_ERROR;
				GCC_WARN_UNDECLARED_SELECTOR = YES;
				GCC_WARN_UNINITIALIZED_AUTOS = YES;
				GCC_WARN_UNUSED_FUNCTION = YES;
				GCC_WARN_UNUSED_VARIABLE = YES;
				IPHONEOS_DEPLOYMENT_TARGET = 7.0;
				SDKROOT = iphoneos;
				TARGETED_DEVICE_FAMILY = "1,2";
				VALIDATE_PRODUCT = YES;
			};
			name = Release;
		};
		7C4BCCF41842E93F00AA8128 /* Debug */ = {
			isa = XCBuildConfiguration;
			buildSettings = {
				ASSETCATALOG_COMPILER_APPICON_NAME = AppIcon;
				ASSETCATALOG_COMPILER_LAUNCHIMAGE_NAME = LaunchImage;
				GCC_PRECOMPILE_PREFIX_HEADER = YES;
				GCC_PREFIX_HEADER = "NFFileManagerDemo/NFFileManagerDemo-Prefix.pch";
				INFOPLIST_FILE = "NFFileManagerDemo/NFFileManagerDemo-Info.plist";
				PRODUCT_NAME = "$(TARGET_NAME)";
				WRAPPER_EXTENSION = app;
			};
			name = Debug;
		};
		7C4BCCF51842E93F00AA8128 /* Release */ = {
			isa = XCBuildConfiguration;
			buildSettings = {
				ASSETCATALOG_COMPILER_APPICON_NAME = AppIcon;
				ASSETCATALOG_COMPILER_LAUNCHIMAGE_NAME = LaunchImage;
				GCC_PRECOMPILE_PREFIX_HEADER = YES;
				GCC_PREFIX_HEADER = "NFFileManagerDemo/NFFileManagerDemo-Prefix.pch";
				INFOPLIST_FILE = "NFFileManagerDemo/NFFileManagerDemo-Info.plist";
				PRODUCT_NAME = "$(TARGET_NAME)";
				WRAPPER_EXTENSION = app;
			};
			name = Release;
		};
		7C4BCCF71842E93F00AA8128 /* Debug */ = {
			isa = XCBuildConfiguration;
			buildSettings = {
				ARCHS = "$(ARCHS_STANDARD_INCLUDING_64_BIT)";
				BUNDLE_LOADER = "$(BUILT_PRODUCTS_DIR)/NFFileManagerDemo.app/NFFileManagerDemo";
				FRAMEWORK_SEARCH_PATHS = (
					"$(SDKROOT)/Developer/Library/Frameworks",
					"$(inherited)",
					"$(DEVELOPER_FRAMEWORKS_DIR)",
				);
				GCC_PRECOMPILE_PREFIX_HEADER = YES;
				GCC_PREFIX_HEADER = "NFFileManagerDemo/NFFileManagerDemo-Prefix.pch";
				GCC_PREPROCESSOR_DEFINITIONS = (
					"DEBUG=1",
					"$(inherited)",
				);
				INFOPLIST_FILE = "NFFileManagerDemoTests/NFFileManagerDemoTests-Info.plist";
				PRODUCT_NAME = "$(TARGET_NAME)";
				TEST_HOST = "$(BUNDLE_LOADER)";
				WRAPPER_EXTENSION = xctest;
			};
			name = Debug;
		};
		7C4BCCF81842E93F00AA8128 /* Release */ = {
			isa = XCBuildConfiguration;
			buildSettings = {
				ARCHS = "$(ARCHS_STANDARD_INCLUDING_64_BIT)";
				BUNDLE_LOADER = "$(BUILT_PRODUCTS_DIR)/NFFileManagerDemo.app/NFFileManagerDemo";
				FRAMEWORK_SEARCH_PATHS = (
					"$(SDKROOT)/Developer/Library/Frameworks",
					"$(inherited)",
					"$(DEVELOPER_FRAMEWORKS_DIR)",
				);
				GCC_PRECOMPILE_PREFIX_HEADER = YES;
				GCC_PREFIX_HEADER = "NFFileManagerDemo/NFFileManagerDemo-Prefix.pch";
				INFOPLIST_FILE = "NFFileManagerDemoTests/NFFileManagerDemoTests-Info.plist";
				PRODUCT_NAME = "$(TARGET_NAME)";
				TEST_HOST = "$(BUNDLE_LOADER)";
				WRAPPER_EXTENSION = xctest;
			};
			name = Release;
		};
/* End XCBuildConfiguration section */

/* Begin XCConfigurationList section */
		7C4BCCB61842E93F00AA8128 /* Build configuration list for PBXProject "NFFileManagerDemo" */ = {
			isa = XCConfigurationList;
			buildConfigurations = (
				7C4BCCF11842E93F00AA8128 /* Debug */,
				7C4BCCF21842E93F00AA8128 /* Release */,
			);
			defaultConfigurationIsVisible = 0;
			defaultConfigurationName = Release;
		};
		7C4BCCF31842E93F00AA8128 /* Build configuration list for PBXNativeTarget "NFFileManagerDemo" */ = {
			isa = XCConfigurationList;
			buildConfigurations = (
				7C4BCCF41842E93F00AA8128 /* Debug */,
				7C4BCCF51842E93F00AA8128 /* Release */,
			);
			defaultConfigurationIsVisible = 0;
		};
		7C4BCCF61842E93F00AA8128 /* Build configuration list for PBXNativeTarget "NFFileManagerDemoTests" */ = {
			isa = XCConfigurationList;
			buildConfigurations = (
				7C4BCCF71842E93F00AA8128 /* Debug */,
				7C4BCCF81842E93F00AA8128 /* Release */,
			);
			defaultConfigurationIsVisible = 0;
		};
/* End XCConfigurationList section */
	};
	rootObject = 7C4BCCB31842E93F00AA8128 /* Project object */;
}
